
Microsoft Visual Studio Solution File, Format Version 12.00
# Visual Studio Express 2013 for Windows Desktop
VisualStudioVersion = 12.0.31101.0
MinimumVisualStudioVersion = 10.0.40219.1
Project("{8BC9CEB8-8B4A-11D0-8D11-00A0C91BC942}") = "class_Time", "class_Time\class_Time.vcxproj", "{193B6265-47C1-45B9-B9AA-ACFF12189FF5}"
EndProject
Global
	GlobalSection(SolutionConfigurationPlatforms) = preSolution
		Debug|Win32 = Debug|Win32
		Release|Win32 = Release|Win32
	EndGlobalSection
	GlobalSection(ProjectConfigurationPlatforms) = postSolution
		{193B6265-47C1-45B9-B9AA-ACFF12189FF5}.Debug|Win32.ActiveCfg = Debug|Win32
		{193B6265-47C1-45B9-B9AA-ACFF12189FF5}.Debug|Win32.Build.0 = Debug|Win32
		{193B6265-47C1-45B9-B9AA-ACFF12189FF5}.Release|Win32.ActiveCfg = Release|Win32
		{193B6265-47C1-45B9-B9AA-ACFF12189FF5}.Release|Win32.Build.0 = Release|Win32
	EndGlobalSection
	GlobalSection(SolutionProperties) = preSolution
		HideSolutionNode = FALSE
	EndGlobalSection
EndGlobal
